
Microsoft Visual Studio Solution File, Format Version 12.00
# Visual Studio 15
VisualStudioVersion = 15.0.26228.12
MinimumVisualStudioVersion = 10.0.40219.1
Project("{FAE04EC0-301F-11D3-BF4B-00C04F79EFBC}") = "ConsoleTest", "ConsoleTest\ConsoleTest.csproj", "{BD9AC5D3-EDCC-48E0-836C-104E2D7FFA08}"
EndProject
Project("{FAE04EC0-301F-11D3-BF4B-00C04F79EFBC}") = "Сам_Работа_1", "Сам_Работа_1\Сам_Работа_1.csproj", "{0388283A-0874-4371-AA25-FF2621FEED23}"
EndProject
Project("{FAE04EC0-301F-11D3-BF4B-00C04F79EFBC}") = "Лаб 9 - Списки", "..\Лаб 2 - Разреженные Массивы\Лаб 9 - Списки\Лаб 9 - Списки.csproj", "{8695C734-D3EC-4F27-8F9C-5512DD7E657C}"
EndProject
Project("{FAE04EC0-301F-11D3-BF4B-00C04F79EFBC}") = "Tree_Transversal", "Tree_Transversal\Tree_Transversal.csproj", "{A2FD0830-6524-4E87-A9CF-8AAE8D5DA96B}"
EndProject
Project("{FAE04EC0-301F-11D3-BF4B-00C04F79EFBC}") = "ClassWork", "ConsoleApplication1\ClassWork.csproj", "{0796C903-98F5-4FDE-B096-96D65B3705BE}"
EndProject
Project("{FAE04EC0-301F-11D3-BF4B-00C04F79EFBC}") = "дерево", "дерево\дерево.csproj", "{40F7852A-72BC-4278-8676-08FF68660F1E}"
EndProject
Global
	GlobalSection(SolutionConfigurationPlatforms) = preSolution
		Debug|Any CPU = Debug|Any CPU
		Debug|Mixed Platforms = Debug|Mixed Platforms
		Debug|x86 = Debug|x86
		Release|Any CPU = Release|Any CPU
		Release|Mixed Platforms = Release|Mixed Platforms
		Release|x86 = Release|x86
	EndGlobalSection
	GlobalSection(ProjectConfigurationPlatforms) = postSolution
		{BD9AC5D3-EDCC-48E0-836C-104E2D7FFA08}.Debug|Any CPU.ActiveCfg = Debug|Any CPU
		{BD9AC5D3-EDCC-48E0-836C-104E2D7FFA08}.Debug|Any CPU.Build.0 = Debug|Any CPU
		{BD9AC5D3-EDCC-48E0-836C-104E2D7FFA08}.Debug|Mixed Platforms.ActiveCfg = Debug|Any CPU
		{BD9AC5D3-EDCC-48E0-836C-104E2D7FFA08}.Debug|Mixed Platforms.Build.0 = Debug|Any CPU
		{BD9AC5D3-EDCC-48E0-836C-104E2D7FFA08}.Debug|x86.ActiveCfg = Debug|Any CPU
		{BD9AC5D3-EDCC-48E0-836C-104E2D7FFA08}.Release|Any CPU.ActiveCfg = Release|Any CPU
		{BD9AC5D3-EDCC-48E0-836C-104E2D7FFA08}.Release|Any CPU.Build.0 = Release|Any CPU
		{BD9AC5D3-EDCC-48E0-836C-104E2D7FFA08}.Release|Mixed Platforms.ActiveCfg = Release|Any CPU
		{BD9AC5D3-EDCC-48E0-836C-104E2D7FFA08}.Release|Mixed Platforms.Build.0 = Release|Any CPU
		{BD9AC5D3-EDCC-48E0-836C-104E2D7FFA08}.Release|x86.ActiveCfg = Release|Any CPU
		{0388283A-0874-4371-AA25-FF2621FEED23}.Debug|Any CPU.ActiveCfg = Debug|Any CPU
		{0388283A-0874-4371-AA25-FF2621FEED23}.Debug|Any CPU.Build.0 = Debug|Any CPU
		{0388283A-0874-4371-AA25-FF2621FEED23}.Debug|Mixed Platforms.ActiveCfg = Debug|Any CPU
		{0388283A-0874-4371-AA25-FF2621FEED23}.Debug|Mixed Platforms.Build.0 = Debug|Any CPU
		{0388283A-0874-4371-AA25-FF2621FEED23}.Debug|x86.ActiveCfg = Debug|Any CPU
		{0388283A-0874-4371-AA25-FF2621FEED23}.Release|Any CPU.ActiveCfg = Release|Any CPU
		{0388283A-0874-4371-AA25-FF2621FEED23}.Release|Any CPU.Build.0 = Release|Any CPU
		{0388283A-0874-4371-AA25-FF2621FEED23}.Release|Mixed Platforms.ActiveCfg = Release|Any CPU
		{0388283A-0874-4371-AA25-FF2621FEED23}.Release|Mixed Platforms.Build.0 = Release|Any CPU
		{0388283A-0874-4371-AA25-FF2621FEED23}.Release|x86.ActiveCfg = Release|Any CPU
		{8695C734-D3EC-4F27-8F9C-5512DD7E657C}.Debug|Any CPU.ActiveCfg = Debug|x86
		{8695C734-D3EC-4F27-8F9C-5512DD7E657C}.Debug|Mixed Platforms.ActiveCfg = Debug|x86
		{8695C734-D3EC-4F27-8F9C-5512DD7E657C}.Debug|Mixed Platforms.Build.0 = Debug|x86
		{8695C734-D3EC-4F27-8F9C-5512DD7E657C}.Debug|x86.ActiveCfg = Debug|x86
		{8695C734-D3EC-4F27-8F9C-5512DD7E657C}.Debug|x86.Build.0 = Debug|x86
		{8695C734-D3EC-4F27-8F9C-5512DD7E657C}.Release|Any CPU.ActiveCfg = Release|x86
		{8695C734-D3EC-4F27-8F9C-5512DD7E657C}.Release|Mixed Platforms.ActiveCfg = Release|x86
		{8695C734-D3EC-4F27-8F9C-5512DD7E657C}.Release|Mixed Platforms.Build.0 = Release|x86
		{8695C734-D3EC-4F27-8F9C-5512DD7E657C}.Release|x86.ActiveCfg = Release|x86
		{8695C734-D3EC-4F27-8F9C-5512DD7E657C}.Release|x86.Build.0 = Release|x86
		{A2FD0830-6524-4E87-A9CF-8AAE8D5DA96B}.Debug|Any CPU.ActiveCfg = Debug|Any CPU
		{A2FD0830-6524-4E87-A9CF-8AAE8D5DA96B}.Debug|Any CPU.Build.0 = Debug|Any CPU
		{A2FD0830-6524-4E87-A9CF-8AAE8D5DA96B}.Debug|Mixed Platforms.ActiveCfg = Debug|Any CPU
		{A2FD0830-6524-4E87-A9CF-8AAE8D5DA96B}.Debug|Mixed Platforms.Build.0 = Debug|Any CPU
		{A2FD0830-6524-4E87-A9CF-8AAE8D5DA96B}.Debug|x86.ActiveCfg = Debug|Any CPU
		{A2FD0830-6524-4E87-A9CF-8AAE8D5DA96B}.Release|Any CPU.ActiveCfg = Release|Any CPU
		{A2FD0830-6524-4E87-A9CF-8AAE8D5DA96B}.Release|Any CPU.Build.0 = Release|Any CPU
		{A2FD0830-6524-4E87-A9CF-8AAE8D5DA96B}.Release|Mixed Platforms.ActiveCfg = Release|Any CPU
		{A2FD0830-6524-4E87-A9CF-8AAE8D5DA96B}.Release|Mixed Platforms.Build.0 = Release|Any CPU
		{A2FD0830-6524-4E87-A9CF-8AAE8D5DA96B}.Release|x86.ActiveCfg = Release|Any CPU
		{0796C903-98F5-4FDE-B096-96D65B3705BE}.Debug|Any CPU.ActiveCfg = Debug|Any CPU
		{0796C903-98F5-4FDE-B096-96D65B3705BE}.Debug|Any CPU.Build.0 = Debug|Any CPU
		{0796C903-98F5-4FDE-B096-96D65B3705BE}.Debug|Mixed Platforms.ActiveCfg = Debug|Any CPU
		{0796C903-98F5-4FDE-B096-96D65B3705BE}.Debug|Mixed Platforms.Build.0 = Debug|Any CPU
		{0796C903-98F5-4FDE-B096-96D65B3705BE}.Debug|x86.ActiveCfg = Debug|Any CPU
		{0796C903-98F5-4FDE-B096-96D65B3705BE}.Release|Any CPU.ActiveCfg = Release|Any CPU
		{0796C903-98F5-4FDE-B096-96D65B3705BE}.Release|Any CPU.Build.0 = Release|Any CPU
		{0796C903-98F5-4FDE-B096-96D65B3705BE}.Release|Mixed Platforms.ActiveCfg = Release|Any CPU
		{0796C903-98F5-4FDE-B096-96D65B3705BE}.Release|Mixed Platforms.Build.0 = Release|Any CPU
		{0796C903-98F5-4FDE-B096-96D65B3705BE}.Release|x86.ActiveCfg = Release|Any CPU
		{40F7852A-72BC-4278-8676-08FF68660F1E}.Debug|Any CPU.ActiveCfg = Debug|x86
		{40F7852A-72BC-4278-8676-08FF68660F1E}.Debug|Mixed Platforms.ActiveCfg = Debug|x86
		{40F7852A-72BC-4278-8676-08FF68660F1E}.Debug|Mixed Platforms.Build.0 = Debug|x86
		{40F7852A-72BC-4278-8676-08FF68660F1E}.Debug|x86.ActiveCfg = Debug|x86
		{40F7852A-72BC-4278-8676-08FF68660F1E}.Debug|x86.Build.0 = Debug|x86
		{40F7852A-72BC-4278-8676-08FF68660F1E}.Release|Any CPU.ActiveCfg = Release|x86
		{40F7852A-72BC-4278-8676-08FF68660F1E}.Release|Mixed Platforms.ActiveCfg = Release|x86
		{40F7852A-72BC-4278-8676-08FF68660F1E}.Release|Mixed Platforms.Build.0 = Release|x86
		{40F7852A-72BC-4278-8676-08FF68660F1E}.Release|x86.ActiveCfg = Release|x86
		{40F7852A-72BC-4278-8676-08FF68660F1E}.Release|x86.Build.0 = Release|x86
	EndGlobalSection
	GlobalSection(SolutionProperties) = preSolution
		HideSolutionNode = FALSE
	EndGlobalSection
EndGlobal
